
Microsoft Visual Studio Solution File, Format Version 12.00
# Visual Studio Version 17
VisualStudioVersion = 17.1.32228.430
MinimumVisualStudioVersion = 10.0.40219.1
Project("{FAE04EC0-301F-11D3-BF4B-00C04F79EFBC}") = "GuessingNumberGame", "GuessingNumberGame\GuessingNumberGame.csproj", "{896DDB98-2138-4CD0-A3EC-AEE320557272}"
EndProject
Global
	GlobalSection(SolutionConfigurationPlatforms) = preSolution
		Debug|Any CPU = Debug|Any CPU
		Release|Any CPU = Release|Any CPU
	EndGlobalSection
	GlobalSection(ProjectConfigurationPlatforms) = postSolution
		{896DDB98-2138-4CD0-A3EC-AEE320557272}.Debug|Any CPU.ActiveCfg = Debug|Any CPU
		{896DDB98-2138-4CD0-A3EC-AEE320557272}.Debug|Any CPU.Build.0 = Debug|Any CPU
		{896DDB98-2138-4CD0-A3EC-AEE320557272}.Release|Any CPU.ActiveCfg = Release|Any CPU
		{896DDB98-2138-4CD0-A3EC-AEE320557272}.Release|Any CPU.Build.0 = Release|Any CPU
	EndGlobalSection
	GlobalSection(SolutionProperties) = preSolution
		HideSolutionNode = FALSE
	EndGlobalSection
	GlobalSection(ExtensibilityGlobals) = postSolution
		SolutionGuid = {45B7A763-5204-43F3-9DC6-328B5953EFBB}
	EndGlobalSection
EndGlobal
